
Microsoft Visual Studio Solution File, Format Version 12.00
Project("{FAE04EC0-301F-11D3-BF4B-00C04F79EFBC}") = "HomeAssignmentPFTC", "HomeAssignmentPFTC\HomeAssignmentPFTC.csproj", "{8429D3D8-ED6B-4C4B-932D-B668D3EA1A6F}"
EndProject
Project("{FAE04EC0-301F-11D3-BF4B-00C04F79EFBC}") = "MenuVisionWorker", "MenuVisionWorker\MenuVisionWorker.csproj", "{8FCFDE5F-CA58-4357-8FC1-CB441D086EE2}"
EndProject
Project("{FAE04EC0-301F-11D3-BF4B-00C04F79EFBC}") = "MenuDataCleaner", "MenuDataCleaner\MenuDataCleaner.csproj", "{1EF2FB39-6ED9-49CA-A1F6-8A1DCD65FFF1}"
EndProject
Global
	GlobalSection(SolutionConfigurationPlatforms) = preSolution
		Debug|Any CPU = Debug|Any CPU
		Release|Any CPU = Release|Any CPU
	EndGlobalSection
	GlobalSection(ProjectConfigurationPlatforms) = postSolution
		{8429D3D8-ED6B-4C4B-932D-B668D3EA1A6F}.Debug|Any CPU.ActiveCfg = Debug|Any CPU
		{8429D3D8-ED6B-4C4B-932D-B668D3EA1A6F}.Debug|Any CPU.Build.0 = Debug|Any CPU
		{8429D3D8-ED6B-4C4B-932D-B668D3EA1A6F}.Release|Any CPU.ActiveCfg = Release|Any CPU
		{8429D3D8-ED6B-4C4B-932D-B668D3EA1A6F}.Release|Any CPU.Build.0 = Release|Any CPU
		{8FCFDE5F-CA58-4357-8FC1-CB441D086EE2}.Debug|Any CPU.ActiveCfg = Debug|Any CPU
		{8FCFDE5F-CA58-4357-8FC1-CB441D086EE2}.Debug|Any CPU.Build.0 = Debug|Any CPU
		{8FCFDE5F-CA58-4357-8FC1-CB441D086EE2}.Release|Any CPU.ActiveCfg = Release|Any CPU
		{8FCFDE5F-CA58-4357-8FC1-CB441D086EE2}.Release|Any CPU.Build.0 = Release|Any CPU
		{1EF2FB39-6ED9-49CA-A1F6-8A1DCD65FFF1}.Debug|Any CPU.ActiveCfg = Debug|Any CPU
		{1EF2FB39-6ED9-49CA-A1F6-8A1DCD65FFF1}.Debug|Any CPU.Build.0 = Debug|Any CPU
		{1EF2FB39-6ED9-49CA-A1F6-8A1DCD65FFF1}.Release|Any CPU.ActiveCfg = Release|Any CPU
		{1EF2FB39-6ED9-49CA-A1F6-8A1DCD65FFF1}.Release|Any CPU.Build.0 = Release|Any CPU
	EndGlobalSection
EndGlobal
